
Microsoft Visual Studio Solution File, Format Version 12.00
# Visual Studio Version 17
VisualStudioVersion = 17.5.33516.290
MinimumVisualStudioVersion = 10.0.40219.1
Project("{FAE04EC0-301F-11D3-BF4B-00C04F79EFBC}") = "Windwaker.Multiplayer.Server", "Windwaker.Multiplayer.Server\Windwaker.Multiplayer.Server.csproj", "{93D48583-6858-412D-8714-1A959ECF6819}"
EndProject
Project("{FAE04EC0-301F-11D3-BF4B-00C04F79EFBC}") = "Windwaker.Multiplayer.Client", "Windwaker.Multiplayer.Client\Windwaker.Multiplayer.Client.csproj", "{EF6B8038-A519-49F9-9B39-68401BE305F9}"
EndProject
Global
	GlobalSection(SolutionConfigurationPlatforms) = preSolution
		Debug|Any CPU = Debug|Any CPU
		Release|Any CPU = Release|Any CPU
	EndGlobalSection
	GlobalSection(ProjectConfigurationPlatforms) = postSolution
		{93D48583-6858-412D-8714-1A959ECF6819}.Debug|Any CPU.ActiveCfg = Debug|Any CPU
		{93D48583-6858-412D-8714-1A959ECF6819}.Debug|Any CPU.Build.0 = Debug|Any CPU
		{93D48583-6858-412D-8714-1A959ECF6819}.Release|Any CPU.ActiveCfg = Release|Any CPU
		{93D48583-6858-412D-8714-1A959ECF6819}.Release|Any CPU.Build.0 = Release|Any CPU
		{EF6B8038-A519-49F9-9B39-68401BE305F9}.Debug|Any CPU.ActiveCfg = Debug|Any CPU
		{EF6B8038-A519-49F9-9B39-68401BE305F9}.Debug|Any CPU.Build.0 = Debug|Any CPU
		{EF6B8038-A519-49F9-9B39-68401BE305F9}.Release|Any CPU.ActiveCfg = Release|Any CPU
		{EF6B8038-A519-49F9-9B39-68401BE305F9}.Release|Any CPU.Build.0 = Release|Any CPU
	EndGlobalSection
	GlobalSection(SolutionProperties) = preSolution
		HideSolutionNode = FALSE
	EndGlobalSection
	GlobalSection(ExtensibilityGlobals) = postSolution
		SolutionGuid = {3A87DD9E-F746-40E1-9B83-740679504AF9}
	EndGlobalSection
EndGlobal
